// !$*UTF8*$!
{
	archiveVersion = 1;
	classes = {
	};
	objectVersion = 46;
	objects = {

/* Begin PBXBuildFile section */
		710BB7C61E93118C0027FD99 /* Plist.swift in Sources */ = {isa = PBXBuildFile; fileRef = 710BB7C51E93118C0027FD99 /* Plist.swift */; };
		710BB7C81E9319BD0027FD99 /* data.plist in Resources */ = {isa = PBXBuildFile; fileRef = 710BB7C71E9319BD0027FD99 /* data.plist */; };
		712EA5611E8AD27D00547C7F /* BubbleMessageCell.swift in Sources */ = {isa = PBXBuildFile; fileRef = 712EA5601E8AD27D00547C7F /* BubbleMessageCell.swift */; };
		712EA5631E8AD91500547C7F /* MessagesViewController.swift in Sources */ = {isa = PBXBuildFile; fileRef = 712EA5621E8AD91500547C7F /* MessagesViewController.swift */; };
		712EA5651E8B020600547C7F /* Main.storyboard in Resources */ = {isa = PBXBuildFile; fileRef = 712EA5641E8B020600547C7F /* Main.storyboard */; };
		71304DA61EACF13F008A61F5 /* Communicator.swift in Sources */ = {isa = PBXBuildFile; fileRef = 71304DA51EACF13F008A61F5 /* Communicator.swift */; };
		71304DA81EACF6C0008A61F5 /* ConversationsModel.swift in Sources */ = {isa = PBXBuildFile; fileRef = 71304DA71EACF6C0008A61F5 /* ConversationsModel.swift */; };
		71304DAA1EAD031B008A61F5 /* ProfileModel.swift in Sources */ = {isa = PBXBuildFile; fileRef = 71304DA91EAD031B008A61F5 /* ProfileModel.swift */; };
		71304DAC1EAD0558008A61F5 /* MessagesModel.swift in Sources */ = {isa = PBXBuildFile; fileRef = 71304DAB1EAD0558008A61F5 /* MessagesModel.swift */; };
		7149B5B21E940990006D0298 /* GCDataManager.swift in Sources */ = {isa = PBXBuildFile; fileRef = 7149B5B11E940990006D0298 /* GCDataManager.swift */; };
		7149B5B41E940AA9006D0298 /* OperationDataManager.swift in Sources */ = {isa = PBXBuildFile; fileRef = 7149B5B31E940AA9006D0298 /* OperationDataManager.swift */; };
		7185EC9C1EAD316F004B50CE /* IConversationCellConfiguration.swift in Sources */ = {isa = PBXBuildFile; fileRef = 7185EC9B1EAD316F004B50CE /* IConversationCellConfiguration.swift */; };
		7185EC9E1EAD3234004B50CE /* IConversationModelDelegate.swift in Sources */ = {isa = PBXBuildFile; fileRef = 7185EC9D1EAD3234004B50CE /* IConversationModelDelegate.swift */; };
		7185ECA01EAD3282004B50CE /* IMessageModelDelegate.swift in Sources */ = {isa = PBXBuildFile; fileRef = 7185EC9F1EAD3282004B50CE /* IMessageModelDelegate.swift */; };
		7185ECA21EAD32F4004B50CE /* ICommunicatorDelegate.swift in Sources */ = {isa = PBXBuildFile; fileRef = 7185ECA11EAD32F4004B50CE /* ICommunicatorDelegate.swift */; };
		7185ECA61EAD343F004B50CE /* ICommunicator.swift in Sources */ = {isa = PBXBuildFile; fileRef = 7185ECA51EAD343F004B50CE /* ICommunicator.swift */; };
		71C963671E954FB9007C2205 /* MultipeerConnectivity.framework in Frameworks */ = {isa = PBXBuildFile; fileRef = 71C963661E954FB9007C2205 /* MultipeerConnectivity.framework */; };
		71E4EA451E6CDE7400CFF95A /* AppDelegate.swift in Sources */ = {isa = PBXBuildFile; fileRef = 71E4EA441E6CDE7400CFF95A /* AppDelegate.swift */; };
		71E4EA471E6CDE7400CFF95A /* ProfileViewController.swift in Sources */ = {isa = PBXBuildFile; fileRef = 71E4EA461E6CDE7400CFF95A /* ProfileViewController.swift */; };
		71E4EA4D1E6CDE7400CFF95A /* tink_chat.xcdatamodeld in Sources */ = {isa = PBXBuildFile; fileRef = 71E4EA4B1E6CDE7400CFF95A /* tink_chat.xcdatamodeld */; };
		71E4EA4F1E6CDE7400CFF95A /* Assets.xcassets in Resources */ = {isa = PBXBuildFile; fileRef = 71E4EA4E1E6CDE7400CFF95A /* Assets.xcassets */; };
		71E4EA521E6CDE7400CFF95A /* LaunchScreen.storyboard in Resources */ = {isa = PBXBuildFile; fileRef = 71E4EA501E6CDE7400CFF95A /* LaunchScreen.storyboard */; };
		71E4EA5D1E6CDE7400CFF95A /* tink_chatTests.swift in Sources */ = {isa = PBXBuildFile; fileRef = 71E4EA5C1E6CDE7400CFF95A /* tink_chatTests.swift */; };
		71ECAC4C1E89AACF0097F27A /* ConversationCell.swift in Sources */ = {isa = PBXBuildFile; fileRef = 71ECAC4B1E89AACF0097F27A /* ConversationCell.swift */; };
		71ECAC4E1E89B7040097F27A /* ConversationsListViewController.swift in Sources */ = {isa = PBXBuildFile; fileRef = 71ECAC4D1E89B7040097F27A /* ConversationsListViewController.swift */; };
		71ECAC501E89D9D70097F27A /* CellData.swift in Sources */ = {isa = PBXBuildFile; fileRef = 71ECAC4F1E89D9D70097F27A /* CellData.swift */; };
		71FDC19C1E9C205F00B1A2A7 /* Multipeer.swift in Sources */ = {isa = PBXBuildFile; fileRef = 71FDC19B1E9C205F00B1A2A7 /* Multipeer.swift */; };
/* End PBXBuildFile section */

/* Begin PBXContainerItemProxy section */
		71E4EA591E6CDE7400CFF95A /* PBXContainerItemProxy */ = {
			isa = PBXContainerItemProxy;
			containerPortal = 71E4EA391E6CDE7400CFF95A /* Project object */;
			proxyType = 1;
			remoteGlobalIDString = 71E4EA401E6CDE7400CFF95A;
			remoteInfo = tink_chat;
		};
/* End PBXContainerItemProxy section */

/* Begin PBXFileReference section */
		710BB7C51E93118C0027FD99 /* Plist.swift */ = {isa = PBXFileReference; fileEncoding = 4; lastKnownFileType = sourcecode.swift; path = Plist.swift; sourceTree = "<group>"; };
		710BB7C71E9319BD0027FD99 /* data.plist */ = {isa = PBXFileReference; fileEncoding = 4; lastKnownFileType = text.plist.xml; path = data.plist; sourceTree = "<group>"; };
		712EA5601E8AD27D00547C7F /* BubbleMessageCell.swift */ = {isa = PBXFileReference; fileEncoding = 4; lastKnownFileType = sourcecode.swift; path = BubbleMessageCell.swift; sourceTree = "<group>"; };
		712EA5621E8AD91500547C7F /* MessagesViewController.swift */ = {isa = PBXFileReference; fileEncoding = 4; lastKnownFileType = sourcecode.swift; path = MessagesViewController.swift; sourceTree = "<group>"; };
		712EA5641E8B020600547C7F /* Main.storyboard */ = {isa = PBXFileReference; fileEncoding = 4; lastKnownFileType = file.storyboard; path = Main.storyboard; sourceTree = "<group>"; };
		71304DA51EACF13F008A61F5 /* Communicator.swift */ = {isa = PBXFileReference; fileEncoding = 4; lastKnownFileType = sourcecode.swift; path = Communicator.swift; sourceTree = "<group>"; };
		71304DA71EACF6C0008A61F5 /* ConversationsModel.swift */ = {isa = PBXFileReference; fileEncoding = 4; lastKnownFileType = sourcecode.swift; path = ConversationsModel.swift; sourceTree = "<group>"; };
		71304DA91EAD031B008A61F5 /* ProfileModel.swift */ = {isa = PBXFileReference; fileEncoding = 4; lastKnownFileType = sourcecode.swift; path = ProfileModel.swift; sourceTree = "<group>"; };
		71304DAB1EAD0558008A61F5 /* MessagesModel.swift */ = {isa = PBXFileReference; fileEncoding = 4; lastKnownFileType = sourcecode.swift; path = MessagesModel.swift; sourceTree = "<group>"; };
		7149B5B11E940990006D0298 /* GCDataManager.swift */ = {isa = PBXFileReference; fileEncoding = 4; lastKnownFileType = sourcecode.swift; path = GCDataManager.swift; sourceTree = "<group>"; };
		7149B5B31E940AA9006D0298 /* OperationDataManager.swift */ = {isa = PBXFileReference; fileEncoding = 4; lastKnownFileType = sourcecode.swift; path = OperationDataManager.swift; sourceTree = "<group>"; };
		7185EC9B1EAD316F004B50CE /* IConversationCellConfiguration.swift */ = {isa = PBXFileReference; fileEncoding = 4; lastKnownFileType = sourcecode.swift; path = IConversationCellConfiguration.swift; sourceTree = "<group>"; };
		7185EC9D1EAD3234004B50CE /* IConversationModelDelegate.swift */ = {isa = PBXFileReference; fileEncoding = 4; lastKnownFileType = sourcecode.swift; path = IConversationModelDelegate.swift; sourceTree = "<group>"; };
		7185EC9F1EAD3282004B50CE /* IMessageModelDelegate.swift */ = {isa = PBXFileReference; fileEncoding = 4; lastKnownFileType = sourcecode.swift; path = IMessageModelDelegate.swift; sourceTree = "<group>"; };
		7185ECA11EAD32F4004B50CE /* ICommunicatorDelegate.swift */ = {isa = PBXFileReference; fileEncoding = 4; lastKnownFileType = sourcecode.swift; path = ICommunicatorDelegate.swift; sourceTree = "<group>"; };
		7185ECA51EAD343F004B50CE /* ICommunicator.swift */ = {isa = PBXFileReference; fileEncoding = 4; lastKnownFileType = sourcecode.swift; path = ICommunicator.swift; sourceTree = "<group>"; };
		71C963661E954FB9007C2205 /* MultipeerConnectivity.framework */ = {isa = PBXFileReference; lastKnownFileType = wrapper.framework; name = MultipeerConnectivity.framework; path = System/Library/Frameworks/MultipeerConnectivity.framework; sourceTree = SDKROOT; };
		71E4EA411E6CDE7400CFF95A /* tink_chat.app */ = {isa = PBXFileReference; explicitFileType = wrapper.application; includeInIndex = 0; path = tink_chat.app; sourceTree = BUILT_PRODUCTS_DIR; };
		71E4EA441E6CDE7400CFF95A /* AppDelegate.swift */ = {isa = PBXFileReference; lastKnownFileType = sourcecode.swift; path = AppDelegate.swift; sourceTree = "<group>"; };
		71E4EA461E6CDE7400CFF95A /* ProfileViewController.swift */ = {isa = PBXFileReference; lastKnownFileType = sourcecode.swift; path = ProfileViewController.swift; sourceTree = "<group>"; };
		71E4EA4C1E6CDE7400CFF95A /* tink_chat.xcdatamodel */ = {isa = PBXFileReference; lastKnownFileType = wrapper.xcdatamodel; path = tink_chat.xcdatamodel; sourceTree = "<group>"; };
		71E4EA4E1E6CDE7400CFF95A /* Assets.xcassets */ = {isa = PBXFileReference; lastKnownFileType = folder.assetcatalog; path = Assets.xcassets; sourceTree = "<group>"; };
		71E4EA511E6CDE7400CFF95A /* Base */ = {isa = PBXFileReference; lastKnownFileType = file.storyboard; name = Base; path = Base.lproj/LaunchScreen.storyboard; sourceTree = "<group>"; };
		71E4EA531E6CDE7400CFF95A /* Info.plist */ = {isa = PBXFileReference; lastKnownFileType = text.plist.xml; path = Info.plist; sourceTree = "<group>"; };
		71E4EA581E6CDE7400CFF95A /* tink_chatTests.xctest */ = {isa = PBXFileReference; explicitFileType = wrapper.cfbundle; includeInIndex = 0; path = tink_chatTests.xctest; sourceTree = BUILT_PRODUCTS_DIR; };
		71E4EA5C1E6CDE7400CFF95A /* tink_chatTests.swift */ = {isa = PBXFileReference; lastKnownFileType = sourcecode.swift; path = tink_chatTests.swift; sourceTree = "<group>"; };
		71E4EA5E1E6CDE7400CFF95A /* Info.plist */ = {isa = PBXFileReference; lastKnownFileType = text.plist.xml; path = Info.plist; sourceTree = "<group>"; };
		71ECAC4B1E89AACF0097F27A /* ConversationCell.swift */ = {isa = PBXFileReference; fileEncoding = 4; lastKnownFileType = sourcecode.swift; path = ConversationCell.swift; sourceTree = "<group>"; };
		71ECAC4D1E89B7040097F27A /* ConversationsListViewController.swift */ = {isa = PBXFileReference; fileEncoding = 4; lastKnownFileType = sourcecode.swift; path = ConversationsListViewController.swift; sourceTree = "<group>"; };
		71ECAC4F1E89D9D70097F27A /* CellData.swift */ = {isa = PBXFileReference; fileEncoding = 4; lastKnownFileType = sourcecode.swift; path = CellData.swift; sourceTree = "<group>"; };
		71FDC19B1E9C205F00B1A2A7 /* Multipeer.swift */ = {isa = PBXFileReference; fileEncoding = 4; lastKnownFileType = sourcecode.swift; path = Multipeer.swift; sourceTree = "<group>"; };
/* End PBXFileReference section */

/* Begin PBXFrameworksBuildPhase section */
		71E4EA3E1E6CDE7400CFF95A /* Frameworks */ = {
			isa = PBXFrameworksBuildPhase;
			buildActionMask = 2147483647;
			files = (
				71C963671E954FB9007C2205 /* MultipeerConnectivity.framework in Frameworks */,
			);
			runOnlyForDeploymentPostprocessing = 0;
		};
		71E4EA551E6CDE7400CFF95A /* Frameworks */ = {
			isa = PBXFrameworksBuildPhase;
			buildActionMask = 2147483647;
			files = (
			);
			runOnlyForDeploymentPostprocessing = 0;
		};
/* End PBXFrameworksBuildPhase section */

/* Begin PBXGroup section */
		7121FBD61EACECFE00447CAF /* CoreLayer */ = {
			isa = PBXGroup;
			children = (
				7185ECA71EAD347A004B50CE /* Protocols */,
				710BB7C51E93118C0027FD99 /* Plist.swift */,
				7149B5B11E940990006D0298 /* GCDataManager.swift */,
				71FDC19B1E9C205F00B1A2A7 /* Multipeer.swift */,
				7149B5B31E940AA9006D0298 /* OperationDataManager.swift */,
			);
			path = CoreLayer;
			sourceTree = "<group>";
		};
		71304DA31EACEF72008A61F5 /* PresentationLayer */ = {
			isa = PBXGroup;
			children = (
				7185ECA31EAD3403004B50CE /* Protocols */,
				71ECAC4F1E89D9D70097F27A /* CellData.swift */,
				71ECAC4B1E89AACF0097F27A /* ConversationCell.swift */,
				712EA5601E8AD27D00547C7F /* BubbleMessageCell.swift */,
				71ECAC4D1E89B7040097F27A /* ConversationsListViewController.swift */,
				71E4EA461E6CDE7400CFF95A /* ProfileViewController.swift */,
				712EA5621E8AD91500547C7F /* MessagesViewController.swift */,
				71304DAB1EAD0558008A61F5 /* MessagesModel.swift */,
				71304DA71EACF6C0008A61F5 /* ConversationsModel.swift */,
				71304DA91EAD031B008A61F5 /* ProfileModel.swift */,
			);
			path = PresentationLayer;
			sourceTree = "<group>";
		};
		71304DA41EACEF7C008A61F5 /* ServiceLayer */ = {
			isa = PBXGroup;
			children = (
				7185ECA41EAD3419004B50CE /* Protocols */,
				71304DA51EACF13F008A61F5 /* Communicator.swift */,
			);
			path = ServiceLayer;
			sourceTree = "<group>";
		};
		7185ECA31EAD3403004B50CE /* Protocols */ = {
			isa = PBXGroup;
			children = (
				7185EC9B1EAD316F004B50CE /* IConversationCellConfiguration.swift */,
				7185EC9D1EAD3234004B50CE /* IConversationModelDelegate.swift */,
				7185EC9F1EAD3282004B50CE /* IMessageModelDelegate.swift */,
			);
			path = Protocols;
			sourceTree = "<group>";
		};
		7185ECA41EAD3419004B50CE /* Protocols */ = {
			isa = PBXGroup;
			children = (
				7185ECA11EAD32F4004B50CE /* ICommunicatorDelegate.swift */,
			);
			path = Protocols;
			sourceTree = "<group>";
		};
		7185ECA71EAD347A004B50CE /* Protocols */ = {
			isa = PBXGroup;
			children = (
				7185ECA51EAD343F004B50CE /* ICommunicator.swift */,
			);
			path = Protocols;
			sourceTree = "<group>";
		};
		71C963651E954FB9007C2205 /* Frameworks */ = {
			isa = PBXGroup;
			children = (
				71C963661E954FB9007C2205 /* MultipeerConnectivity.framework */,
			);
			name = Frameworks;
			sourceTree = "<group>";
		};
		71E4EA381E6CDE7400CFF95A = {
			isa = PBXGroup;
			children = (
				71E4EA431E6CDE7400CFF95A /* tink_chat */,
				71E4EA5B1E6CDE7400CFF95A /* tink_chatTests */,
				71E4EA421E6CDE7400CFF95A /* Products */,
				71C963651E954FB9007C2205 /* Frameworks */,
			);
			sourceTree = "<group>";
		};
		71E4EA421E6CDE7400CFF95A /* Products */ = {
			isa = PBXGroup;
			children = (
				71E4EA411E6CDE7400CFF95A /* tink_chat.app */,
				71E4EA581E6CDE7400CFF95A /* tink_chatTests.xctest */,
			);
			name = Products;
			sourceTree = "<group>";
		};
		71E4EA431E6CDE7400CFF95A /* tink_chat */ = {
			isa = PBXGroup;
			children = (
				71304DA41EACEF7C008A61F5 /* ServiceLayer */,
				71304DA31EACEF72008A61F5 /* PresentationLayer */,
				7121FBD61EACECFE00447CAF /* CoreLayer */,
				712EA5641E8B020600547C7F /* Main.storyboard */,
				71E4EA441E6CDE7400CFF95A /* AppDelegate.swift */,
				71E4EA4E1E6CDE7400CFF95A /* Assets.xcassets */,
				71E4EA501E6CDE7400CFF95A /* LaunchScreen.storyboard */,
				71E4EA531E6CDE7400CFF95A /* Info.plist */,
				71E4EA4B1E6CDE7400CFF95A /* tink_chat.xcdatamodeld */,
				710BB7C71E9319BD0027FD99 /* data.plist */,
			);
			path = tink_chat;
			sourceTree = "<group>";
		};
		71E4EA5B1E6CDE7400CFF95A /* tink_chatTests */ = {
			isa = PBXGroup;
			children = (
				71E4EA5C1E6CDE7400CFF95A /* tink_chatTests.swift */,
				71E4EA5E1E6CDE7400CFF95A /* Info.plist */,
			);
			path = tink_chatTests;
			sourceTree = "<group>";
		};
/* End PBXGroup section */

/* Begin PBXNativeTarget section */
		71E4EA401E6CDE7400CFF95A /* tink_chat */ = {
			isa = PBXNativeTarget;
			buildConfigurationList = 71E4EA611E6CDE7400CFF95A /* Build configuration list for PBXNativeTarget "tink_chat" */;
			buildPhases = (
				71E4EA3D1E6CDE7400CFF95A /* Sources */,
				71E4EA3E1E6CDE7400CFF95A /* Frameworks */,
				71E4EA3F1E6CDE7400CFF95A /* Resources */,
			);
			buildRules = (
			);
			dependencies = (
			);
			name = tink_chat;
			productName = tink_chat;
			productReference = 71E4EA411E6CDE7400CFF95A /* tink_chat.app */;
			productType = "com.apple.product-type.application";
		};
		71E4EA571E6CDE7400CFF95A /* tink_chatTests */ = {
			isa = PBXNativeTarget;
			buildConfigurationList = 71E4EA641E6CDE7400CFF95A /* Build configuration list for PBXNativeTarget "tink_chatTests" */;
			buildPhases = (
				71E4EA541E6CDE7400CFF95A /* Sources */,
				71E4EA551E6CDE7400CFF95A /* Frameworks */,
				71E4EA561E6CDE7400CFF95A /* Resources */,
			);
			buildRules = (
			);
			dependencies = (
				71E4EA5A1E6CDE7400CFF95A /* PBXTargetDependency */,
			);
			name = tink_chatTests;
			productName = tink_chatTests;
			productReference = 71E4EA581E6CDE7400CFF95A /* tink_chatTests.xctest */;
			productType = "com.apple.product-type.bundle.unit-test";
		};
/* End PBXNativeTarget section */

/* Begin PBXProject section */
		71E4EA391E6CDE7400CFF95A /* Project object */ = {
			isa = PBXProject;
			attributes = {
				LastSwiftUpdateCheck = 0820;
				LastUpgradeCheck = 0820;
				ORGANIZATIONNAME = "Tinkoff Bank";
				TargetAttributes = {
					71E4EA401E6CDE7400CFF95A = {
						CreatedOnToolsVersion = 8.2.1;
						DevelopmentTeam = 98A95ZRNVF;
						ProvisioningStyle = Automatic;
					};
					71E4EA571E6CDE7400CFF95A = {
						CreatedOnToolsVersion = 8.2.1;
						ProvisioningStyle = Automatic;
						TestTargetID = 71E4EA401E6CDE7400CFF95A;
					};
				};
			};
			buildConfigurationList = 71E4EA3C1E6CDE7400CFF95A /* Build configuration list for PBXProject "tink_chat" */;
			compatibilityVersion = "Xcode 3.2";
			developmentRegion = English;
			hasScannedForEncodings = 0;
			knownRegions = (
				en,
				Base,
			);
			mainGroup = 71E4EA381E6CDE7400CFF95A;
			productRefGroup = 71E4EA421E6CDE7400CFF95A /* Products */;
			projectDirPath = "";
			projectRoot = "";
			targets = (
				71E4EA401E6CDE7400CFF95A /* tink_chat */,
				71E4EA571E6CDE7400CFF95A /* tink_chatTests */,
			);
		};
/* End PBXProject section */

/* Begin PBXResourcesBuildPhase section */
		71E4EA3F1E6CDE7400CFF95A /* Resources */ = {
			isa = PBXResourcesBuildPhase;
			buildActionMask = 2147483647;
			files = (
				712EA5651E8B020600547C7F /* Main.storyboard in Resources */,
				71E4EA521E6CDE7400CFF95A /* LaunchScreen.storyboard in Resources */,
				710BB7C81E9319BD0027FD99 /* data.plist in Resources */,
				71E4EA4F1E6CDE7400CFF95A /* Assets.xcassets in Resources */,
			);
			runOnlyForDeploymentPostprocessing = 0;
		};
		71E4EA561E6CDE7400CFF95A /* Resources */ = {
			isa = PBXResourcesBuildPhase;
			buildActionMask = 2147483647;
			files = (
			);
			runOnlyForDeploymentPostprocessing = 0;
		};
/* End PBXResourcesBuildPhase section */

/* Begin PBXSourcesBuildPhase section */
		71E4EA3D1E6CDE7400CFF95A /* Sources */ = {
			isa = PBXSourcesBuildPhase;
			buildActionMask = 2147483647;
			files = (
				71304DAA1EAD031B008A61F5 /* ProfileModel.swift in Sources */,
				7185ECA01EAD3282004B50CE /* IMessageModelDelegate.swift in Sources */,
				71E4EA4D1E6CDE7400CFF95A /* tink_chat.xcdatamodeld in Sources */,
				71ECAC4E1E89B7040097F27A /* ConversationsListViewController.swift in Sources */,
				71E4EA471E6CDE7400CFF95A /* ProfileViewController.swift in Sources */,
				7185ECA21EAD32F4004B50CE /* ICommunicatorDelegate.swift in Sources */,
				7149B5B41E940AA9006D0298 /* OperationDataManager.swift in Sources */,
				710BB7C61E93118C0027FD99 /* Plist.swift in Sources */,
				7185EC9E1EAD3234004B50CE /* IConversationModelDelegate.swift in Sources */,
				71FDC19C1E9C205F00B1A2A7 /* Multipeer.swift in Sources */,
				7185EC9C1EAD316F004B50CE /* IConversationCellConfiguration.swift in Sources */,
				71304DAC1EAD0558008A61F5 /* MessagesModel.swift in Sources */,
				71304DA81EACF6C0008A61F5 /* ConversationsModel.swift in Sources */,
				7185ECA61EAD343F004B50CE /* ICommunicator.swift in Sources */,
				71E4EA451E6CDE7400CFF95A /* AppDelegate.swift in Sources */,
				71ECAC4C1E89AACF0097F27A /* ConversationCell.swift in Sources */,
				71ECAC501E89D9D70097F27A /* CellData.swift in Sources */,
				712EA5631E8AD91500547C7F /* MessagesViewController.swift in Sources */,
				712EA5611E8AD27D00547C7F /* BubbleMessageCell.swift in Sources */,
				7149B5B21E940990006D0298 /* GCDataManager.swift in Sources */,
				71304DA61EACF13F008A61F5 /* Communicator.swift in Sources */,
			);
			runOnlyForDeploymentPostprocessing = 0;
		};
		71E4EA541E6CDE7400CFF95A /* Sources */ = {
			isa = PBXSourcesBuildPhase;
			buildActionMask = 2147483647;
			files = (
				71E4EA5D1E6CDE7400CFF95A /* tink_chatTests.swift in Sources */,
			);
			runOnlyForDeploymentPostprocessing = 0;
		};
/* End PBXSourcesBuildPhase section */

/* Begin PBXTargetDependency section */
		71E4EA5A1E6CDE7400CFF95A /* PBXTargetDependency */ = {
			isa = PBXTargetDependency;
			target = 71E4EA401E6CDE7400CFF95A /* tink_chat */;
			targetProxy = 71E4EA591E6CDE7400CFF95A /* PBXContainerItemProxy */;
		};
/* End PBXTargetDependency section */

/* Begin PBXVariantGroup section */
		71E4EA501E6CDE7400CFF95A /* LaunchScreen.storyboard */ = {
			isa = PBXVariantGroup;
			children = (
				71E4EA511E6CDE7400CFF95A /* Base */,
			);
			name = LaunchScreen.storyboard;
			sourceTree = "<group>";
		};
/* End PBXVariantGroup section */

/* Begin XCBuildConfiguration section */
		71E4EA5F1E6CDE7400CFF95A /* Debug */ = {
			isa = XCBuildConfiguration;
			buildSettings = {
				ALWAYS_SEARCH_USER_PATHS = NO;
				CLANG_ANALYZER_NONNULL = YES;
				CLANG_CXX_LANGUAGE_STANDARD = "gnu++0x";
				CLANG_CXX_LIBRARY = "libc++";
				CLANG_ENABLE_MODULES = YES;
				CLANG_ENABLE_OBJC_ARC = YES;
				CLANG_WARN_BOOL_CONVERSION = YES;
				CLANG_WARN_CONSTANT_CONVERSION = YES;
				CLANG_WARN_DIRECT_OBJC_ISA_USAGE = YES_ERROR;
				CLANG_WARN_DOCUMENTATION_COMMENTS = YES;
				CLANG_WARN_EMPTY_BODY = YES;
				CLANG_WARN_ENUM_CONVERSION = YES;
				CLANG_WARN_INFINITE_RECURSION = YES;
				CLANG_WARN_INT_CONVERSION = YES;
				CLANG_WARN_OBJC_ROOT_CLASS = YES_ERROR;
				CLANG_WARN_SUSPICIOUS_MOVE = YES;
				CLANG_WARN_UNREACHABLE_CODE = YES;
				CLANG_WARN__DUPLICATE_METHOD_MATCH = YES;
				"CODE_SIGN_IDENTITY[sdk=iphoneos*]" = "iPhone Developer";
				COPY_PHASE_STRIP = NO;
				DEBUG_INFORMATION_FORMAT = dwarf;
				ENABLE_STRICT_OBJC_MSGSEND = YES;
				ENABLE_TESTABILITY = YES;
				GCC_C_LANGUAGE_STANDARD = gnu99;
				GCC_DYNAMIC_NO_PIC = NO;
				GCC_NO_COMMON_BLOCKS = YES;
				GCC_OPTIMIZATION_LEVEL = 0;
				GCC_PREPROCESSOR_DEFINITIONS = (
					"DEBUG=1",
					"$(inherited)",
				);
				GCC_WARN_64_TO_32_BIT_CONVERSION = YES;
				GCC_WARN_ABOUT_RETURN_TYPE = YES_ERROR;
				GCC_WARN_UNDECLARED_SELECTOR = YES;
				GCC_WARN_UNINITIALIZED_AUTOS = YES_AGGRESSIVE;
				GCC_WARN_UNUSED_FUNCTION = YES;
				GCC_WARN_UNUSED_VARIABLE = YES;
				IPHONEOS_DEPLOYMENT_TARGET = 10.2;
				MTL_ENABLE_DEBUG_INFO = YES;
				ONLY_ACTIVE_ARCH = YES;
				SDKROOT = iphoneos;
				SWIFT_ACTIVE_COMPILATION_CONDITIONS = DEBUG;
				SWIFT_OPTIMIZATION_LEVEL = "-Onone";
			};
			name = Debug;
		};
		71E4EA601E6CDE7400CFF95A /* Release */ = {
			isa = XCBuildConfiguration;
			buildSettings = {
				ALWAYS_SEARCH_USER_PATHS = NO;
				CLANG_ANALYZER_NONNULL = YES;
				CLANG_CXX_LANGUAGE_STANDARD = "gnu++0x";
				CLANG_CXX_LIBRARY = "libc++";
				CLANG_ENABLE_MODULES = YES;
				CLANG_ENABLE_OBJC_ARC = YES;
				CLANG_WARN_BOOL_CONVERSION = YES;
				CLANG_WARN_CONSTANT_CONVERSION = YES;
				CLANG_WARN_DIRECT_OBJC_ISA_USAGE = YES_ERROR;
				CLANG_WARN_DOCUMENTATION_COMMENTS = YES;
				CLANG_WARN_EMPTY_BODY = YES;
				CLANG_WARN_ENUM_CONVERSION = YES;
				CLANG_WARN_INFINITE_RECURSION = YES;
				CLANG_WARN_INT_CONVERSION = YES;
				CLANG_WARN_OBJC_ROOT_CLASS = YES_ERROR;
				CLANG_WARN_SUSPICIOUS_MOVE = YES;
				CLANG_WARN_UNREACHABLE_CODE = YES;
				CLANG_WARN__DUPLICATE_METHOD_MATCH = YES;
				"CODE_SIGN_IDENTITY[sdk=iphoneos*]" = "iPhone Developer";
				COPY_PHASE_STRIP = NO;
				DEBUG_INFORMATION_FORMAT = "dwarf-with-dsym";
				ENABLE_NS_ASSERTIONS = NO;
				ENABLE_STRICT_OBJC_MSGSEND = YES;
				GCC_C_LANGUAGE_STANDARD = gnu99;
				GCC_NO_COMMON_BLOCKS = YES;
				GCC_WARN_64_TO_32_BIT_CONVERSION = YES;
				GCC_WARN_ABOUT_RETURN_TYPE = YES_ERROR;
				GCC_WARN_UNDECLARED_SELECTOR = YES;
				GCC_WARN_UNINITIALIZED_AUTOS = YES_AGGRESSIVE;
				GCC_WARN_UNUSED_FUNCTION = YES;
				GCC_WARN_UNUSED_VARIABLE = YES;
				IPHONEOS_DEPLOYMENT_TARGET = 10.2;
				MTL_ENABLE_DEBUG_INFO = NO;
				SDKROOT = iphoneos;
				SWIFT_OPTIMIZATION_LEVEL = "-Owholemodule";
				VALIDATE_PRODUCT = YES;
			};
			name = Release;
		};
		71E4EA621E6CDE7400CFF95A /* Debug */ = {
			isa = XCBuildConfiguration;
			buildSettings = {
				ASSETCATALOG_COMPILER_APPICON_NAME = AppIcon;
				DEVELOPMENT_TEAM = 98A95ZRNVF;
				INFOPLIST_FILE = tink_chat/Info.plist;
				IPHONEOS_DEPLOYMENT_TARGET = 8.1;
				LD_RUNPATH_SEARCH_PATHS = "$(inherited) @executable_path/Frameworks";
				PRODUCT_BUNDLE_IDENTIFIER = "ru.tcsbank.tink-chat";
				PRODUCT_NAME = "$(TARGET_NAME)";
				SWIFT_VERSION = 3.0;
			};
			name = Debug;
		};
		71E4EA631E6CDE7400CFF95A /* Release */ = {
			isa = XCBuildConfiguration;
			buildSettings = {
				ASSETCATALOG_COMPILER_APPICON_NAME = AppIcon;
				DEVELOPMENT_TEAM = 98A95ZRNVF;
				INFOPLIST_FILE = tink_chat/Info.plist;
				IPHONEOS_DEPLOYMENT_TARGET = 8.1;
				LD_RUNPATH_SEARCH_PATHS = "$(inherited) @executable_path/Frameworks";
				PRODUCT_BUNDLE_IDENTIFIER = "ru.tcsbank.tink-chat";
				PRODUCT_NAME = "$(TARGET_NAME)";
				SWIFT_VERSION = 3.0;
			};
			name = Release;
		};
		71E4EA651E6CDE7400CFF95A /* Debug */ = {
			isa = XCBuildConfiguration;
			buildSettings = {
				ALWAYS_EMBED_SWIFT_STANDARD_LIBRARIES = YES;
				BUNDLE_LOADER = "$(TEST_HOST)";
				INFOPLIST_FILE = tink_chatTests/Info.plist;
				LD_RUNPATH_SEARCH_PATHS = "$(inherited) @executable_path/Frameworks @loader_path/Frameworks";
				PRODUCT_BUNDLE_IDENTIFIER = "ru.tcsbank.tink-chatTests";
				PRODUCT_NAME = "$(TARGET_NAME)";
				SWIFT_VERSION = 3.0;
				TEST_HOST = "$(BUILT_PRODUCTS_DIR)/tink_chat.app/tink_chat";
			};
			name = Debug;
		};
		71E4EA661E6CDE7400CFF95A /* Release */ = {
			isa = XCBuildConfiguration;
			buildSettings = {
				ALWAYS_EMBED_SWIFT_STANDARD_LIBRARIES = YES;
				BUNDLE_LOADER = "$(TEST_HOST)";
				INFOPLIST_FILE = tink_chatTests/Info.plist;
				LD_RUNPATH_SEARCH_PATHS = "$(inherited) @executable_path/Frameworks @loader_path/Frameworks";
				PRODUCT_BUNDLE_IDENTIFIER = "ru.tcsbank.tink-chatTests";
				PRODUCT_NAME = "$(TARGET_NAME)";
				SWIFT_VERSION = 3.0;
				TEST_HOST = "$(BUILT_PRODUCTS_DIR)/tink_chat.app/tink_chat";
			};
			name = Release;
		};
/* End XCBuildConfiguration section */

/* Begin XCConfigurationList section */
		71E4EA3C1E6CDE7400CFF95A /* Build configuration list for PBXProject "tink_chat" */ = {
			isa = XCConfigurationList;
			buildConfigurations = (
				71E4EA5F1E6CDE7400CFF95A /* Debug */,
				71E4EA601E6CDE7400CFF95A /* Release */,
			);
			defaultConfigurationIsVisible = 0;
			defaultConfigurationName = Release;
		};
		71E4EA611E6CDE7400CFF95A /* Build configuration list for PBXNativeTarget "tink_chat" */ = {
			isa = XCConfigurationList;
			buildConfigurations = (
				71E4EA621E6CDE7400CFF95A /* Debug */,
				71E4EA631E6CDE7400CFF95A /* Release */,
			);
			defaultConfigurationIsVisible = 0;
			defaultConfigurationName = Release;
		};
		71E4EA641E6CDE7400CFF95A /* Build configuration list for PBXNativeTarget "tink_chatTests" */ = {
			isa = XCConfigurationList;
			buildConfigurations = (
				71E4EA651E6CDE7400CFF95A /* Debug */,
				71E4EA661E6CDE7400CFF95A /* Release */,
			);
			defaultConfigurationIsVisible = 0;
			defaultConfigurationName = Release;
		};
/* End XCConfigurationList section */

/* Begin XCVersionGroup section */
		71E4EA4B1E6CDE7400CFF95A /* tink_chat.xcdatamodeld */ = {
			isa = XCVersionGroup;
			children = (
				71E4EA4C1E6CDE7400CFF95A /* tink_chat.xcdatamodel */,
			);
			currentVersion = 71E4EA4C1E6CDE7400CFF95A /* tink_chat.xcdatamodel */;
			path = tink_chat.xcdatamodeld;
			sourceTree = "<group>";
			versionGroupType = wrapper.xcdatamodel;
		};
/* End XCVersionGroup section */
	};
	rootObject = 71E4EA391E6CDE7400CFF95A /* Project object */;
}
